# THIS IS AN AUTOGENERATED FILE. DO NOT EDIT THIS FILE DIRECTLY.
# yarn lockfile v1


"@ethersproject/bytes@^5.1.0":
  version "5.1.0"
  resolved "https://registry.yarnpkg.com/@ethersproject/bytes/-/bytes-5.1.0.tgz#55dfa9c4c21df1b1b538be3accb50fb76d5facfd"
  integrity sha512-sGTxb+LVjFxJcJeUswAIK6ncgOrh3D8c192iEJd7mLr95V6du119rRfYT/b87WPkZ5I3gRBUYIYXtdgCWACe8g==
  dependencies:
    "@ethersproject/logger" "^5.1.0"

"@ethersproject/logger@^5.1.0":
  version "5.1.0"
  resolved "https://registry.yarnpkg.com/@ethersproject/logger/-/logger-5.1.0.tgz#4cdeeefac029373349d5818f39c31b82cc6d9bbf"
  integrity sha512-wtUaD1lBX10HBXjjKV9VHCBnTdUaKQnQ2XSET1ezglqLdPdllNOIlLfhyCRqXm5xwcjExVI5ETokOYfjPtaAlw==

"@ethersproject/properties@^5.1.0":
  version "5.1.0"
  resolved "https://registry.yarnpkg.com/@ethersproject/properties/-/properties-5.1.0.tgz#9484bd6def16595fc6e4bdc26f29dff4d3f6ac42"
  integrity sha512-519KKTwgmH42AQL3+GFV3SX6khYEfHsvI6v8HYejlkigSDuqttdgVygFTDsGlofNFchhDwuclrxQnD5B0YLNMg==
  dependencies:
    "@ethersproject/logger" "^5.1.0"

"@ethersproject/signing-key@^5.1.0":
  version "5.1.0"
  resolved "https://registry.yarnpkg.com/@ethersproject/signing-key/-/signing-key-5.1.0.tgz#6eddfbddb6826b597b9650e01acf817bf8991b9c"
  integrity sha512-tE5LFlbmdObG8bY04NpuwPWSRPgEswfxweAI1sH7TbP0ml1elNfqcq7ii/3AvIN05i5U0Pkm3Tf8bramt8MmLw==
  dependencies:
    "@ethersproject/bytes" "^5.1.0"
    "@ethersproject/logger" "^5.1.0"
    "@ethersproject/properties" "^5.1.0"
    bn.js "^4.4.0"
    elliptic "6.5.4"

"@findeth/abi@^0.3.0":
  version "0.3.1"
  resolved "https://registry.yarnpkg.com/@findeth/abi/-/abi-0.3.1.tgz#fe9a25211bc0c840c8bc53f937fd9af7278b9dab"
  integrity sha512-T9HUVEjEgM0MzVLY4gs52ffz5AlHeC3CSGFcEzL4ojKMVzMxa3na1GW/XCmunrhnWP2cDh4fE2MhqLxA0CHqTw==
  dependencies:
    keccak "^3.0.0"

"@solidity-parser/parser@^0.12.1":
  version "0.12.2"
  resolved "https://registry.yarnpkg.com/@solidity-parser/parser/-/parser-0.12.2.tgz#1afad367cb29a2ed8cdd4a3a62701c2821fb578f"
  integrity sha512-d7VS7PxgMosm5NyaiyDJRNID5pK4AWj1l64Dbz0147hJgy5k2C0/ZiKK/9u5c5K+HRUVHmp+RMvGEjGh84oA5Q==

"@types/node@^15.0.3":
  version "15.0.3"
  resolved "https://registry.yarnpkg.com/@types/node/-/node-15.0.3.tgz#ee09fcaac513576474c327da5818d421b98db88a"
  integrity sha512-/WbxFeBU+0F79z9RdEOXH4CsDga+ibi5M8uEYr91u3CkT/pdWcV8MCook+4wDPnZBexRdwWS+PiVZ2xJviAzcQ==

ansi-regex@^5.0.0:
  version "5.0.0"
  resolved "https://registry.yarnpkg.com/ansi-regex/-/ansi-regex-5.0.0.tgz#388539f55179bf39339c81af30a654d69f87cb75"
  integrity sha512-bY6fj56OUQ0hU1KjFNDQuJFezqKdrAyFdIevADiqrWHwSlbmBNMHp5ak2f40Pm8JTFyM2mqxkG6ngkHO11f/lg==

arg@^4.1.0:
  version "4.1.3"
  resolved "https://registry.yarnpkg.com/arg/-/arg-4.1.3.tgz#269fc7ad5b8e42cb63c896d5666017261c144089"
  integrity sha512-58S9QDqG0Xx27YwPSt9fJxivjYl432YCwfDMfZ+71RAqUrZef7LrKQZ3LHLOwCS4FLNBplP533Zx895SeOCHvA==

bn.js@^4.11.9, bn.js@^4.4.0:
  version "4.12.0"
  resolved "https://registry.yarnpkg.com/bn.js/-/bn.js-4.12.0.tgz#775b3f278efbb9718eec7361f483fb36fbbfea88"
  integrity sha512-c98Bf3tPniI+scsdk237ku1Dc3ujXQTSgyiPUDEOe7tRkhrqridvh8klBv0HCEso1OLOYcHuCv/cS6DNxKH+ZA==

brorand@^1.1.0:
  version "1.1.0"
  resolved "https://registry.yarnpkg.com/brorand/-/brorand-1.1.0.tgz#12c25efe40a45e3c323eb8675a0a0ce57b22371f"
  integrity sha1-EsJe/kCkXjwyPrhnWgoM5XsiNx8=

buffer-from@^1.0.0:
  version "1.1.1"
  resolved "https://registry.yarnpkg.com/buffer-from/-/buffer-from-1.1.1.tgz#32713bc028f75c02fdb710d7c7bcec1f2c6070ef"
  integrity sha512-MQcXEUbCKtEo7bhqEs6560Hyd4XaovZlO/k9V3hjVUF/zwW7KBVdSK4gIt/bzwS9MbR5qob+F5jusZsb0YQK2A==

create-require@^1.1.0:
  version "1.1.1"
  resolved "https://registry.yarnpkg.com/create-require/-/create-require-1.1.1.tgz#c1d7e8f1e5f6cfc9ff65f9cd352d37348756c333"
  integrity sha512-dcKFX3jn0MpIaXjisoRvexIJVEKzaq7z2rZKxf+MSr9TkdmHmsU4m2lcLojrj/FHl8mk5VxMmYA+ftRkP/3oKQ==

diff@^4.0.1:
  version "4.0.2"
  resolved "https://registry.yarnpkg.com/diff/-/diff-4.0.2.tgz#60f3aecb89d5fae520c11aa19efc2bb982aade7d"
  integrity sha512-58lmxKSA4BNyLz+HHMUzlOEpg09FV+ev6ZMe3vJihgdxzgcwZ8VoEEPmALCZG9LmqfVoNMMKpttIYTVG6uDY7A==

dir-to-object@^2.0.0:
  version "2.0.0"
  resolved "https://registry.yarnpkg.com/dir-to-object/-/dir-to-object-2.0.0.tgz#29723e9bd1c3e58e4f307bd04ff634c0370c8f8a"
  integrity sha512-sXs0JKIhymON7T1UZuO2Ud6VTNAx/VTBXIl4+3mjb2RgfOpt+hectX0x04YqPOPdkeOAKoJuKqwqnXXURNPNEA==

eip-712@^0.4.3:
  version "0.4.3"
  resolved "https://registry.yarnpkg.com/eip-712/-/eip-712-0.4.3.tgz#71da445c3118960933910d168e75f0b1f8f39879"
  integrity sha512-RzHERjClqKWennbIFFfoxSTI/BB241R+Dm1FO6KP+NEcFODzApxZHaIXut4fgB4x+5SmQjdW577PfozFoHQ1FA==
  dependencies:
    "@findeth/abi" "^0.3.0"
    keccak "^3.0.1"
    superstruct "^0.10.12"

elliptic@6.5.4:
  version "6.5.4"
  resolved "https://registry.yarnpkg.com/elliptic/-/elliptic-6.5.4.tgz#da37cebd31e79a1367e941b592ed1fbebd58abbb"
  integrity sha512-iLhC6ULemrljPZb+QutR5TQGB+pdW6KGD5RSegS+8sorOZT+rdQFbsQFJgvN3eRqNALqJer4oQ16YvJHlU8hzQ==
  dependencies:
    bn.js "^4.11.9"
    brorand "^1.1.0"
    hash.js "^1.0.0"
    hmac-drbg "^1.0.1"
    inherits "^2.0.4"
    minimalistic-assert "^1.0.1"
    minimalistic-crypto-utils "^1.0.1"

emoji-regex@^8.0.0:
  version "8.0.0"
  resolved "https://registry.yarnpkg.com/emoji-regex/-/emoji-regex-8.0.0.tgz#e818fd69ce5ccfcb404594f842963bf53164cc37"
  integrity sha512-MSjYzcWNOA0ewAHpz0MxpYFvwg6yjy1NG3xteoqz644VCo/RPgnr1/GGt+ic3iJTzQ8Eu3TdM14SawnVUmGE6A==

emoji-regex@^9.2.2:
  version "9.2.2"
  resolved "https://registry.yarnpkg.com/emoji-regex/-/emoji-regex-9.2.2.tgz#840c8803b0d8047f4ff0cf963176b32d4ef3ed72"
  integrity sha512-L18DaJsXSUk2+42pv8mLs5jJT2hqFkFE4j21wOmgbUqsZ2hL72NsUU785g9RXgo3s0ZNgVl42TiHp3ZtOv/Vyg==

escape-string-regexp@^4.0.0:
  version "4.0.0"
  resolved "https://registry.yarnpkg.com/escape-string-regexp/-/escape-string-regexp-4.0.0.tgz#14ba83a5d373e3d311e5afca29cf5bfad965bf34"
  integrity sha512-TtpcNJ3XAzx3Gq8sWRzJaVajRs0uVxA2YAkdb1jm2YkPz4G6egUFAyA3n5vtEIZefPk5Wa4UXbKuS5fKkJWdgA==

hash.js@^1.0.0, hash.js@^1.0.3:
  version "1.1.7"
  resolved "https://registry.yarnpkg.com/hash.js/-/hash.js-1.1.7.tgz#0babca538e8d4ee4a0f8988d68866537a003cf42"
  integrity sha512-taOaskGt4z4SOANNseOviYDvjEJinIkRgmp7LbKP2YTTmVxWBl87s/uzK9r+44BclBSp2X7K1hqeNfz9JbBeXA==
  dependencies:
    inherits "^2.0.3"
    minimalistic-assert "^1.0.1"

hmac-drbg@^1.0.1:
  version "1.0.1"
  resolved "https://registry.yarnpkg.com/hmac-drbg/-/hmac-drbg-1.0.1.tgz#d2745701025a6c775a6c545793ed502fc0c649a1"
  integrity sha1-0nRXAQJabHdabFRXk+1QL8DGSaE=
  dependencies:
    hash.js "^1.0.3"
    minimalistic-assert "^1.0.0"
    minimalistic-crypto-utils "^1.0.1"

inherits@^2.0.3, inherits@^2.0.4:
  version "2.0.4"
  resolved "https://registry.yarnpkg.com/inherits/-/inherits-2.0.4.tgz#0fa2c64f932917c3433a0ded55363aae37416b7c"
  integrity sha512-k/vGaX4/Yla3WzyMCvTQOXYeIHvqOKtnqBduzTHpzpQZzAskKMhZ2K+EnBiSM9zGSoIFeMpXKxa4dYeZIQqewQ==

is-fullwidth-code-point@^3.0.0:
  version "3.0.0"
  resolved "https://registry.yarnpkg.com/is-fullwidth-code-point/-/is-fullwidth-code-point-3.0.0.tgz#f116f8064fe90b3f7844a38997c0b75051269f1d"
  integrity sha512-zymm5+u+sCsSWyD9qNaejV3DFvhCKclKdizYaJUuHA83RLjb7nSuGnddCHGv0hk+KY7BMAlsWeK4Ueg6EV6XQg==

keccak@^3.0.0, keccak@^3.0.1:
  version "3.0.1"
  resolved "https://registry.yarnpkg.com/keccak/-/keccak-3.0.1.tgz#ae30a0e94dbe43414f741375cff6d64c8bea0bff"
  integrity sha512-epq90L9jlFWCW7+pQa6JOnKn2Xgl2mtI664seYR6MHskvI9agt7AnDqmAlp9TqU4/caMYbA08Hi5DMZAl5zdkA==
  dependencies:
    node-addon-api "^2.0.0"
    node-gyp-build "^4.2.0"

lru-cache@^6.0.0:
  version "6.0.0"
  resolved "https://registry.yarnpkg.com/lru-cache/-/lru-cache-6.0.0.tgz#6d6fe6570ebd96aaf90fcad1dafa3b2566db3a94"
  integrity sha512-Jo6dJ04CmSjuznwJSS3pUeWmd/H0ffTlkXXgwZi+eq1UCmqQwCh+eLsYOYCwY991i2Fah4h1BEMCx4qThGbsiA==
  dependencies:
    yallist "^4.0.0"

make-error@^1.1.1:
  version "1.3.6"
  resolved "https://registry.yarnpkg.com/make-error/-/make-error-1.3.6.tgz#2eb2e37ea9b67c4891f684a1394799af484cf7a2"
  integrity sha512-s8UhlNe7vPKomQhC1qFelMokr/Sc3AgNbso3n74mVPA5LTZwkB9NlXf4XPamLxJE8h0gh73rM94xvwRT2CVInw==

minimalistic-assert@^1.0.0, minimalistic-assert@^1.0.1:
  version "1.0.1"
  resolved "https://registry.yarnpkg.com/minimalistic-assert/-/minimalistic-assert-1.0.1.tgz#2e194de044626d4a10e7f7fbc00ce73e83e4d5c7"
  integrity sha512-UtJcAD4yEaGtjPezWuO9wC4nwUnVH/8/Im3yEHQP4b67cXlD/Qr9hdITCU1xDbSEXg2XKNaP8jsReV7vQd00/A==

minimalistic-crypto-utils@^1.0.1:
  version "1.0.1"
  resolved "https://registry.yarnpkg.com/minimalistic-crypto-utils/-/minimalistic-crypto-utils-1.0.1.tgz#f6c00c1c0b082246e5c4d99dfb8c7c083b2b582a"
  integrity sha1-9sAMHAsIIkblxNmd+4x8CDsrWCo=

node-addon-api@^2.0.0:
  version "2.0.2"
  resolved "https://registry.yarnpkg.com/node-addon-api/-/node-addon-api-2.0.2.tgz#432cfa82962ce494b132e9d72a15b29f71ff5d32"
  integrity sha512-Ntyt4AIXyaLIuMHF6IOoTakB3K+RWxwtsHNRxllEoA6vPwP9o4866g6YWDLUdnucilZhmkxiHwHr11gAENw+QA==

node-gyp-build@^4.2.0:
  version "4.2.3"
  resolved "https://registry.yarnpkg.com/node-gyp-build/-/node-gyp-build-4.2.3.tgz#ce6277f853835f718829efb47db20f3e4d9c4739"
  integrity sha512-MN6ZpzmfNCRM+3t57PTJHgHyw/h4OWnZ6mR8P5j/uZtqQr46RRuDE/P+g3n0YR/AiYXeWixZZzaip77gdICfRg==

prettier-plugin-solidity@^1.0.0-beta.10:
  version "1.0.0-beta.10"
  resolved "https://registry.yarnpkg.com/prettier-plugin-solidity/-/prettier-plugin-solidity-1.0.0-beta.10.tgz#f2a249002733826b08d981b599335ddb7e93af8d"
  integrity sha512-55UsEbeJfqYKB3RFR7Nvpi+ApEoUfgdKHVg2ZybrbOkRW4RTblyONLL3mEr8Vrxpo7wBbObVLbWodGg4YXIQ7g==
  dependencies:
    "@solidity-parser/parser" "^0.12.1"
    dir-to-object "^2.0.0"
    emoji-regex "^9.2.2"
    escape-string-regexp "^4.0.0"
    prettier "^2.2.1"
    semver "^7.3.5"
    solidity-comments-extractor "^0.0.7"
    string-width "^4.2.2"

prettier@^2.2.1, prettier@^2.3.0:
  version "2.3.0"
  resolved "https://registry.yarnpkg.com/prettier/-/prettier-2.3.0.tgz#b6a5bf1284026ae640f17f7ff5658a7567fc0d18"
  integrity sha512-kXtO4s0Lz/DW/IJ9QdWhAf7/NmPWQXkFr/r/WkR3vyI+0v8amTDxiaQSLzs8NBlytfLWX/7uQUMIW677yLKl4w==

semver@^7.3.5:
  version "7.3.5"
  resolved "https://registry.yarnpkg.com/semver/-/semver-7.3.5.tgz#0b621c879348d8998e4b0e4be94b3f12e6018ef7"
  integrity sha512-PoeGJYh8HK4BTO/a9Tf6ZG3veo/A7ZVsYrSA6J8ny9nb3B1VrpkuN+z9OE5wfE5p6H4LchYZsegiQgbJD94ZFQ==
  dependencies:
    lru-cache "^6.0.0"

solidity-comments-extractor@^0.0.7:
  version "0.0.7"
  resolved "https://registry.yarnpkg.com/solidity-comments-extractor/-/solidity-comments-extractor-0.0.7.tgz#99d8f1361438f84019795d928b931f4e5c39ca19"
  integrity sha512-wciNMLg/Irp8OKGrh3S2tfvZiZ0NEyILfcRCXCD4mp7SgK/i9gzLfhY2hY7VMCQJ3kH9UB9BzNdibIVMchzyYw==

source-map-support@^0.5.17:
  version "0.5.19"
  resolved "https://registry.yarnpkg.com/source-map-support/-/source-map-support-0.5.19.tgz#a98b62f86dcaf4f67399648c085291ab9e8fed61"
  integrity sha512-Wonm7zOCIJzBGQdB+thsPar0kYuCIzYvxZwlBa87yi/Mdjv7Tip2cyVbLj5o0cFPN4EVkuTwb3GDDyUx2DGnGw==
  dependencies:
    buffer-from "^1.0.0"
    source-map "^0.6.0"

source-map@^0.6.0:
  version "0.6.1"
  resolved "https://registry.yarnpkg.com/source-map/-/source-map-0.6.1.tgz#74722af32e9614e9c287a8d0bbde48b5e2f1a263"
  integrity sha512-UjgapumWlbMhkBgzT7Ykc5YXUT46F0iKu8SGXq0bcwP5dz/h0Plj6enJqjz1Zbq2l5WaqYnrVbwWOWMyF3F47g==

string-width@^4.2.2:
  version "4.2.2"
  resolved "https://registry.yarnpkg.com/string-width/-/string-width-4.2.2.tgz#dafd4f9559a7585cfba529c6a0a4f73488ebd4c5"
  integrity sha512-XBJbT3N4JhVumXE0eoLU9DCjcaF92KLNqTmFCnG1pf8duUxFGwtP6AD6nkjw9a3IdiRtL3E2w3JDiE/xi3vOeA==
  dependencies:
    emoji-regex "^8.0.0"
    is-fullwidth-code-point "^3.0.0"
    strip-ansi "^6.0.0"

strip-ansi@^6.0.0:
  version "6.0.0"
  resolved "https://registry.yarnpkg.com/strip-ansi/-/strip-ansi-6.0.0.tgz#0b1571dd7669ccd4f3e06e14ef1eed26225ae532"
  integrity sha512-AuvKTrTfQNYNIctbR1K/YGTR1756GycPsg7b9bdV9Duqur4gv6aKqHXah67Z8ImS7WEz5QVcOtlfW2rZEugt6w==
  dependencies:
    ansi-regex "^5.0.0"

superstruct@^0.10.12:
  version "0.10.13"
  resolved "https://registry.yarnpkg.com/superstruct/-/superstruct-0.10.13.tgz#705535a5598ff231bd976601a7b6b534a71a821b"
  integrity sha512-W4SitSZ9MOyMPbHreoZVEneSZyPEeNGbdfJo/7FkJyRs/M3wQRFzq+t3S/NBwlrFSWdx1ONLjLb9pB+UKe4IqQ==

ts-node@^9.1.1:
  version "9.1.1"
  resolved "https://registry.yarnpkg.com/ts-node/-/ts-node-9.1.1.tgz#51a9a450a3e959401bda5f004a72d54b936d376d"
  integrity sha512-hPlt7ZACERQGf03M253ytLY3dHbGNGrAq9qIHWUY9XHYl1z7wYngSr3OQ5xmui8o2AaxsONxIzjafLUiWBo1Fg==
  dependencies:
    arg "^4.1.0"
    create-require "^1.1.0"
    diff "^4.0.1"
    make-error "^1.1.1"
    source-map-support "^0.5.17"
    yn "3.1.1"

typescript@^4.2.4:
  version "4.2.4"
  resolved "https://registry.yarnpkg.com/typescript/-/typescript-4.2.4.tgz#8610b59747de028fda898a8aef0e103f156d0961"
  integrity sha512-V+evlYHZnQkaz8TRBuxTA92yZBPotr5H+WhQ7bD3hZUndx5tGOa1fuCgeSjxAzM1RiN5IzvadIXTVefuuwZCRg==

yallist@^4.0.0:
  version "4.0.0"
  resolved "https://registry.yarnpkg.com/yallist/-/yallist-4.0.0.tgz#9bb92790d9c0effec63be73519e11a35019a3a72"
  integrity sha512-3wdGidZyq5PB084XLES5TpOSRA3wjXAlIWMhum2kRcv/41Sn2emQ0dycQW4uZXLejwKvg6EsvbdlVL+FYEct7A==

yn@3.1.1:
  version "3.1.1"
  resolved "https://registry.yarnpkg.com/yn/-/yn-3.1.1.tgz#1e87401a09d767c1d5eab26a6e4c185182d2eb50"
  integrity sha512-Ux4ygGWsu2c7isFWe8Yu1YluJmqVhxqK2cLXNQA5AcC3QfbGNpM7fu0Y8b/z16pXLnFxZYvWhd3fhBY9DLmC6Q==
